
Microsoft Visual Studio Solution File, Format Version 12.00
# Visual Studio Version 16
VisualStudioVersion = 16.0.30104.148
MinimumVisualStudioVersion = 10.0.40219.1
Project("{8BC9CEB8-8B4A-11D0-8D11-00A0C91BC942}") = "engine", "engine\engine.vcxproj", "{BD2A9136-153F-495D-BE62-46D2D241A0C9}"
EndProject
Global
	GlobalSection(SolutionConfigurationPlatforms) = preSolution
		Debug|x64 = Debug|x64
		Debug|x86 = Debug|x86
		Release|x64 = Release|x64
		Release|x86 = Release|x86
	EndGlobalSection
	GlobalSection(ProjectConfigurationPlatforms) = postSolution
		{BD2A9136-153F-495D-BE62-46D2D241A0C9}.Debug|x64.ActiveCfg = Debug|x64
		{BD2A9136-153F-495D-BE62-46D2D241A0C9}.Debug|x64.Build.0 = Debug|x64
		{BD2A9136-153F-495D-BE62-46D2D241A0C9}.Debug|x86.ActiveCfg = Debug|Win32
		{BD2A9136-153F-495D-BE62-46D2D241A0C9}.Debug|x86.Build.0 = Debug|Win32
		{BD2A9136-153F-495D-BE62-46D2D241A0C9}.Release|x64.ActiveCfg = Release|x64
		{BD2A9136-153F-495D-BE62-46D2D241A0C9}.Release|x64.Build.0 = Release|x64
		{BD2A9136-153F-495D-BE62-46D2D241A0C9}.Release|x86.ActiveCfg = Release|Win32
		{BD2A9136-153F-495D-BE62-46D2D241A0C9}.Release|x86.Build.0 = Release|Win32
	EndGlobalSection
	GlobalSection(SolutionProperties) = preSolution
		HideSolutionNode = FALSE
	EndGlobalSection
	GlobalSection(ExtensibilityGlobals) = postSolution
		SolutionGuid = {2109F2DD-C0FB-41B5-8B0F-E6C22D625DA2}
	EndGlobalSection
EndGlobal
