<?xml version="1.0" encoding="utf-8"?>
<Project ToolsVersion="4.0" xmlns="http://schemas.microsoft.com/developer/msbuild/2003">
  <ItemGroup>
    <Filter Include="Source Files">
      <UniqueIdentifier>{4FC737F1-C7A5-4376-A066-2A32D752A2FF}</UniqueIdentifier>
      <Extensions>cpp;c;cc;cxx;c++;def;odl;idl;hpj;bat;asm;asmx</Extensions>
    </Filter>
    <Filter Include="Header Files">
      <UniqueIdentifier>{93995380-89BD-4b04-88EB-625FBE52EBFB}</UniqueIdentifier>
      <Extensions>h;hh;hpp;hxx;h++;hm;inl;inc;ipp;xsd</Extensions>
    </Filter>
    <Filter Include="Resource Files">
      <UniqueIdentifier>{67DA6AB6-F800-4c08-8B7A-83BB121AAD01}</UniqueIdentifier>
      <Extensions>rc;ico;cur;bmp;dlg;rc2;rct;bin;rgs;gif;jpg;jpeg;jpe;resx;tiff;tif;png;wav;mfcribbon-ms</Extensions>
    </Filter>
    <Filter Include="Hash">
      <UniqueIdentifier>{3736604f-1d9d-4fa0-9a6c-11bec1e608c9}</UniqueIdentifier>
    </Filter>
    <Filter Include="Source Files\render">
      <UniqueIdentifier>{de38c364-4e56-470d-8833-221680ad3a55}</UniqueIdentifier>
    </Filter>
    <Filter Include="Source Files\core">
      <UniqueIdentifier>{633f260b-2e39-4131-84f2-919746550f3e}</UniqueIdentifier>
    </Filter>
    <Filter Include="Source Files\core\input">
      <UniqueIdentifier>{90c419a4-479a-45ac-a095-61bca86844fa}</UniqueIdentifier>
    </Filter>
    <Filter Include="Source Files\header_libs">
      <UniqueIdentifier>{f139dae1-354b-47fb-9d97-e1aee8340217}</UniqueIdentifier>
    </Filter>
    <Filter Include="Source Files\header_libs\hash">
      <UniqueIdentifier>{19fd53ce-7f18-4489-a8f7-6ac51b63469b}</UniqueIdentifier>
    </Filter>
    <Filter Include="Source Files\render\misc">
      <UniqueIdentifier>{06c1d9e7-7f76-4c3b-8925-a2c6c9aabc4c}</UniqueIdentifier>
    </Filter>
    <Filter Include="Source Files\render\model">
      <UniqueIdentifier>{08087a50-7cd8-4478-a6cc-07cd5a7b1638}</UniqueIdentifier>
    </Filter>
    <Filter Include="Source Files\render\shader">
      <UniqueIdentifier>{2ae7d9b2-f08a-4a3b-b111-f7d5338200ee}</UniqueIdentifier>
    </Filter>
    <Filter Include="Source Files\render\texture">
      <UniqueIdentifier>{59a7e91b-43db-4434-bbf2-d0db8e9c889f}</UniqueIdentifier>
    </Filter>
  </ItemGroup>
  <ItemGroup>
    <ClInclude Include="core\Object.h">
      <Filter>Source Files\core</Filter>
    </ClInclude>
    <ClInclude Include="core\Player.h">
      <Filter>Source Files\core</Filter>
    </ClInclude>
    <ClInclude Include="core\Ticker.h">
      <Filter>Source Files\core</Filter>
    </ClInclude>
    <ClInclude Include="core\Actor.h">
      <Filter>Source Files\core</Filter>
    </ClInclude>
    <ClInclude Include="core\input\Input.h">
      <Filter>Source Files\core\input</Filter>
    </ClInclude>
    <ClInclude Include="render\render.h">
      <Filter>Source Files\render</Filter>
    </ClInclude>
    <ClInclude Include="render\Texture\TextureManager.h">
      <Filter>Source Files\render\texture</Filter>
    </ClInclude>
    <ClInclude Include="render\Texture\Texture.h">
      <Filter>Source Files\render\texture</Filter>
    </ClInclude>
    <ClInclude Include="render\Model\Mesh.h">
      <Filter>Source Files\render\model</Filter>
    </ClInclude>
    <ClInclude Include="render\Model\Model.h">
      <Filter>Source Files\render\model</Filter>
    </ClInclude>
    <ClInclude Include="render\Shader\ShaderProgram.h">
      <Filter>Source Files\render\shader</Filter>
    </ClInclude>
    <ClInclude Include="render\Shader\ShaderWorker.h">
      <Filter>Source Files\render\shader</Filter>
    </ClInclude>
    <ClInclude Include="header_libs\stb_image.h">
      <Filter>Source Files\header_libs</Filter>
    </ClInclude>
    <ClInclude Include="header_libs\hash\xxhash.h">
      <Filter>Source Files\header_libs\hash</Filter>
    </ClInclude>
    <ClInclude Include="header_libs\hash\xxh3.h">
      <Filter>Source Files\header_libs\hash</Filter>
    </ClInclude>
    <ClInclude Include="core\Core.h">
      <Filter>Source Files\core</Filter>
    </ClInclude>
    <ClInclude Include="render\misc\Camera.h">
      <Filter>Source Files\render\misc</Filter>
    </ClInclude>
    <ClInclude Include="render\misc\Window.h">
      <Filter>Source Files\render\misc</Filter>
    </ClInclude>
  </ItemGroup>
  <ItemGroup>
    <ClCompile Include="G:\glad\src\glad.c">
      <Filter>Source Files</Filter>
    </ClCompile>
    <ClCompile Include="Source.cpp">
      <Filter>Source Files</Filter>
    </ClCompile>
    <ClCompile Include="core\Object.cc">
      <Filter>Source Files\core</Filter>
    </ClCompile>
    <ClCompile Include="render\Shader\ShaderProgram.cc">
      <Filter>Source Files\render\shader</Filter>
    </ClCompile>
    <ClCompile Include="header_libs\hash\xxhash.c">
      <Filter>Source Files\header_libs\hash</Filter>
    </ClCompile>
    <ClCompile Include="core\input\Input.cpp">
      <Filter>Source Files\core\input</Filter>
    </ClCompile>
  </ItemGroup>
</Project>